
Microsoft Visual Studio Solution File, Format Version 12.00
# Visual Studio Version 17
VisualStudioVersion = 17.9.34723.18
MinimumVisualStudioVersion = 10.0.40219.1
Project("{FAE04EC0-301F-11D3-BF4B-00C04F79EFBC}") = "CPW 219-eCommerceSite", "CPW 219-eCommerceSite\CPW 219-eCommerceSite.csproj", "{F8DB4BBE-A33E-475D-8FE8-C5DDB0B3968E}"
EndProject
Global
	GlobalSection(SolutionConfigurationPlatforms) = preSolution
		Debug|Any CPU = Debug|Any CPU
		Release|Any CPU = Release|Any CPU
	EndGlobalSection
	GlobalSection(ProjectConfigurationPlatforms) = postSolution
		{F8DB4BBE-A33E-475D-8FE8-C5DDB0B3968E}.Debug|Any CPU.ActiveCfg = Debug|Any CPU
		{F8DB4BBE-A33E-475D-8FE8-C5DDB0B3968E}.Debug|Any CPU.Build.0 = Debug|Any CPU
		{F8DB4BBE-A33E-475D-8FE8-C5DDB0B3968E}.Release|Any CPU.ActiveCfg = Release|Any CPU
		{F8DB4BBE-A33E-475D-8FE8-C5DDB0B3968E}.Release|Any CPU.Build.0 = Release|Any CPU
	EndGlobalSection
	GlobalSection(SolutionProperties) = preSolution
		HideSolutionNode = FALSE
	EndGlobalSection
	GlobalSection(ExtensibilityGlobals) = postSolution
		SolutionGuid = {9FE08D78-57BB-45F6-8F2A-441E69A281F0}
	EndGlobalSection
EndGlobal
